Microsoft Visual Studio Solution File, Format Version 11.00
# Visual Studio 2008

Project("{77A78B44-F693-F255-845E-68794CEA577F}") = "Dreamlab_Tablet_20170530a", "Assembly-CSharp.csproj", "{2BDA099C-63BB-E767-CACF-6C9B8E4C4061}"
EndProject
Project("{77A78B44-F693-F255-845E-68794CEA577F}") = "Dreamlab_Tablet_20170530a", "Assembly-CSharp-Editor.csproj", "{1B804C1C-C52F-5F85-2FB6-DD901F6EB70B}"
EndProject
Global
	GlobalSection(SolutionConfigurationPlatforms) = preSolution
		Debug|Any CPU = Debug|Any CPU
		Release|Any CPU = Release|Any CPU
	EndGlobalSection
	GlobalSection(ProjectConfigurationPlatforms) = postSolution
		{2BDA099C-63BB-E767-CACF-6C9B8E4C4061}.Debug|Any CPU.ActiveCfg = Debug|Any CPU
		{2BDA099C-63BB-E767-CACF-6C9B8E4C4061}.Debug|Any CPU.Build.0 = Debug|Any CPU
		{2BDA099C-63BB-E767-CACF-6C9B8E4C4061}.Release|Any CPU.ActiveCfg = Release|Any CPU
		{2BDA099C-63BB-E767-CACF-6C9B8E4C4061}.Release|Any CPU.Build.0 = Release|Any CPU
		{1B804C1C-C52F-5F85-2FB6-DD901F6EB70B}.Debug|Any CPU.ActiveCfg = Debug|Any CPU
		{1B804C1C-C52F-5F85-2FB6-DD901F6EB70B}.Debug|Any CPU.Build.0 = Debug|Any CPU
		{1B804C1C-C52F-5F85-2FB6-DD901F6EB70B}.Release|Any CPU.ActiveCfg = Release|Any CPU
		{1B804C1C-C52F-5F85-2FB6-DD901F6EB70B}.Release|Any CPU.Build.0 = Release|Any CPU
	EndGlobalSection
	GlobalSection(SolutionProperties) = preSolution
		HideSolutionNode = FALSE
	EndGlobalSection
	GlobalSection(MonoDevelopProperties) = preSolution
		StartupItem = Assembly-CSharp.csproj
	EndGlobalSection
EndGlobal
